# This file is automatically @generated by Cargo.
# It is not intended for manual editing.
version = 3

[[package]]
name = "argtea"
version = "1.0.0"
source = "registry+https://github.com/rust-lang/crates.io-index"
checksum = "e4174b041266795cd28cb6ba48dbb25f7131725471f26f6fc29c7241cff2fe4d"

[[package]]
name = "wtool"
version = "0.1.0"
dependencies = [
 "argtea",
]
